<?xml version="1.0" encoding="utf-8"?>
<Project ToolsVersion="4.0" xmlns="http://schemas.microsoft.com/developer/msbuild/2003">
  <ItemGroup>
    <Filter Include="Source Files">
      <UniqueIdentifier>{f9306678-28f4-4ecf-bcd7-e1759767114f}</UniqueIdentifier>
      <Extensions>cpp;c;cxx;rc;def;r;odl;idl;hpj;bat</Extensions>
    </Filter>
    <Filter Include="Header Files">
      <UniqueIdentifier>{9088ed24-75f5-492e-aef2-2fbeec509f60}</UniqueIdentifier>
      <Extensions>h;hpp;hxx;hm;inl</Extensions>
    </Filter>
    <Filter Include="Resource Files">
      <UniqueIdentifier>{c13e97cc-6d31-4b30-ae86-dfa33ea2badf}</UniqueIdentifier>
      <Extensions>ico;cur;bmp;dlg;rc2;rct;bin;rgs;gif;jpg;jpeg;jpe</Extensions>
    </Filter>
  </ItemGroup>
  <ItemGroup>
    <ClCompile Include="Test_ABS.cpp">
      <Filter>Source Files</Filter>
    </ClCompile>
    <ClCompile Include="Test_AVLTree.cpp">
      <Filter>Source Files</Filter>
    </ClCompile>
    <ClCompile Include="Test_BinTree.cpp">
      <Filter>Source Files</Filter>
    </ClCompile>
    <ClCompile Include="Test_BlockList.cpp">
      <Filter>Source Files</Filter>
    </ClCompile>
    <ClCompile Include="Test_CapiCommon.cpp">
      <Filter>Source Files</Filter>
    </ClCompile>
    <ClCompile Include="Test_CDHashArray.cpp">
      <Filter>Source Files</Filter>
    </ClCompile>
    <ClCompile Include="Test_CDHashAVLTree.cpp">
      <Filter>Source Files</Filter>
    </ClCompile>
    <ClCompile Include="Test_CDistributedQueue.cpp">
      <Filter>Source Files</Filter>
    </ClCompile>
    <ClCompile Include="Test_CLocalQueue.cpp">
      <Filter>Source Files</Filter>
    </ClCompile>
    <ClCompile Include="Test_CLockFreeQueue.cpp">
      <Filter>Source Files</Filter>
    </ClCompile>
    <ClCompile Include="Test_CMsgQueue.cpp">
      <Filter>Source Files</Filter>
    </ClCompile>
    <ClCompile Include="Test_CNestTaskScheduler.cpp">
      <Filter>Source Files</Filter>
    </ClCompile>
    <ClCompile Include="Test_CQueuePool.cpp">
      <Filter>Source Files</Filter>
    </ClCompile>
    <ClCompile Include="Test_CRankList.cpp">
      <Filter>Source Files</Filter>
    </ClCompile>
    <ClCompile Include="Test_CScopedLock.cpp">
      <Filter>Source Files</Filter>
    </ClCompile>
    <ClCompile Include="Test_CSegmentHashTable.cpp">
      <Filter>Source Files</Filter>
    </ClCompile>
    <ClCompile Include="Test_CStealQueue.cpp">
      <Filter>Source Files</Filter>
    </ClCompile>
    <ClCompile Include="Test_CTaskGraphScheduler.cpp">
      <Filter>Source Files</Filter>
    </ClCompile>
    <ClCompile Include="Test_CTaskScheduler.cpp">
      <Filter>Source Files</Filter>
    </ClCompile>
    <ClCompile Include="Test_DeQueue.cpp">
      <Filter>Source Files</Filter>
    </ClCompile>
    <ClCompile Include="Test_DHashAVLTree.cpp">
      <Filter>Source Files</Filter>
    </ClCompile>
    <ClCompile Include="Test_dmalloc.cpp">
      <Filter>Source Files</Filter>
    </ClCompile>
    <ClCompile Include="Test_DoubleList.cpp">
      <Filter>Source Files</Filter>
    </ClCompile>
    <ClCompile Include="Test_DSpaceList.cpp">
      <Filter>Source Files</Filter>
    </ClCompile>
    <ClCompile Include="Test_Emalloc.cpp">
      <Filter>Source Files</Filter>
    </ClCompile>
    <ClCompile Include="Test_Graph.cpp">
      <Filter>Source Files</Filter>
    </ClCompile>
    <ClCompile Include="Test_HashAVLTree.cpp">
      <Filter>Source Files</Filter>
    </ClCompile>
    <ClCompile Include="Test_HashList.cpp">
      <Filter>Source Files</Filter>
    </ClCompile>
    <ClCompile Include="Test_HashRBTree.cpp">
      <Filter>Source Files</Filter>
    </ClCompile>
    <ClCompile Include="Test_HashTable.cpp">
      <Filter>Source Files</Filter>
    </ClCompile>
    <ClCompile Include="Test_Matrix.cpp">
      <Filter>Source Files</Filter>
    </ClCompile>
    <ClCompile Include="Test_MQuickSort.cpp">
      <Filter>Source Files</Filter>
    </ClCompile>
    <ClCompile Include="Test_MTList.cpp">
      <Filter>Source Files</Filter>
    </ClCompile>
    <ClCompile Include="Test_MTree.cpp">
      <Filter>Source Files</Filter>
    </ClCompile>
    <ClCompile Include="Test_Parallel_For.cpp">
      <Filter>Source Files</Filter>
    </ClCompile>
    <ClCompile Include="Test_Parallel_MergeSort.cpp">
      <Filter>Source Files</Filter>
    </ClCompile>
    <ClCompile Include="Test_Parallel_PrefixSum.cpp">
      <Filter>Source Files</Filter>
    </ClCompile>
    <ClCompile Include="Test_Parallel_RadixSort.cpp">
      <Filter>Source Files</Filter>
    </ClCompile>
    <ClCompile Include="Test_Parallel_Search.cpp">
      <Filter>Source Files</Filter>
    </ClCompile>
    <ClCompile Include="Test_Performance.cpp">
      <Filter>Source Files</Filter>
    </ClCompile>
    <ClCompile Include="Test_Queue.cpp">
      <Filter>Source Files</Filter>
    </ClCompile>
    <ClCompile Include="Test_RBTree.cpp">
      <Filter>Source Files</Filter>
    </ClCompile>
    <ClCompile Include="Test_SerialRadixSort.cpp">
      <Filter>Source Files</Filter>
    </ClCompile>
    <ClCompile Include="Test_SingleList.cpp">
      <Filter>Source Files</Filter>
    </ClCompile>
    <ClCompile Include="Test_SortTable.cpp">
      <Filter>Source Files</Filter>
    </ClCompile>
    <ClCompile Include="Test_SpList.cpp">
      <Filter>Source Files</Filter>
    </ClCompile>
    <ClCompile Include="Test_Stack.cpp">
      <Filter>Source Files</Filter>
    </ClCompile>
    <ClCompile Include="Test_XCopy.cpp">
      <Filter>Source Files</Filter>
    </ClCompile>
    <ClCompile Include="TestCapi.cpp">
      <Filter>Source Files</Filter>
    </ClCompile>
  </ItemGroup>
  <ItemGroup>
    <ClInclude Include="TestCapi.h">
      <Filter>Header Files</Filter>
    </ClInclude>
  </ItemGroup>
</Project>