<?xml version="1.0" encoding="utf-8"?>
<Project ToolsVersion="4.0" xmlns="http://schemas.microsoft.com/developer/msbuild/2003">
  <ItemGroup>
    <Filter Include="Source Files">
      <UniqueIdentifier>{6f6990d9-5a28-422a-a976-d159c7a2cd53}</UniqueIdentifier>
      <Extensions>cpp;c;cxx;rc;def;r;odl;idl;hpj;bat</Extensions>
    </Filter>
    <Filter Include="Header Files">
      <UniqueIdentifier>{2d5218b6-371a-4adc-8e73-4d60e3959f0b}</UniqueIdentifier>
      <Extensions>h;hpp;hxx;hm;inl</Extensions>
    </Filter>
  </ItemGroup>
  <ItemGroup>
    <ClCompile Include="DebugHeap.cpp">
      <Filter>Source Files</Filter>
    </ClCompile>
    <ClCompile Include="TestCaseMgr.cpp">
      <Filter>Source Files</Filter>
    </ClCompile>
    <ClCompile Include="TestManager.cpp">
      <Filter>Source Files</Filter>
    </ClCompile>
    <ClCompile Include="THashTable.cpp">
      <Filter>Source Files</Filter>
    </ClCompile>
    <ClCompile Include="TMemory.cpp">
      <Filter>Source Files</Filter>
    </ClCompile>
  </ItemGroup>
  <ItemGroup>
    <ClInclude Include="DebugHeap.h">
      <Filter>Header Files</Filter>
    </ClInclude>
    <ClInclude Include="TestApi.h">
      <Filter>Header Files</Filter>
    </ClInclude>
    <ClInclude Include="TestApi_Assert.h">
      <Filter>Header Files</Filter>
    </ClInclude>
    <ClInclude Include="TestCaseMgr.h">
      <Filter>Header Files</Filter>
    </ClInclude>
    <ClInclude Include="testmanager.h">
      <Filter>Header Files</Filter>
    </ClInclude>
    <ClInclude Include="THashTable.h">
      <Filter>Header Files</Filter>
    </ClInclude>
    <ClInclude Include="TMemory.h">
      <Filter>Header Files</Filter>
    </ClInclude>
  </ItemGroup>
</Project>